
Microsoft Visual Studio Solution File, Format Version 12.00
# Visual Studio Version 16
VisualStudioVersion = 16.0.31911.196
MinimumVisualStudioVersion = 10.0.40219.1
Project("{2150E333-8FDC-42A3-9474-1A3956D46DE8}") = "src", "src", "{EFBA1C47-427F-4EB3-BF4B-74886E45E375}"
EndProject
Project("{2150E333-8FDC-42A3-9474-1A3956D46DE8}") = "test", "test", "{26D8553F-5A27-435F-8FF7-A21A1F5FB6A9}"
	ProjectSection(SolutionItems) = preProject
		Notes.txt = Notes.txt
	EndProjectSection
EndProject
Project("{2150E333-8FDC-42A3-9474-1A3956D46DE8}") = "domain", "domain", "{774782A0-BC25-49DA-893E-A1D7F5E5F308}"
EndProject
Project("{2150E333-8FDC-42A3-9474-1A3956D46DE8}") = "application", "application", "{87BCAEFF-6DDA-4C25-9A56-E356BD6355A1}"
EndProject
Project("{2150E333-8FDC-42A3-9474-1A3956D46DE8}") = "persistence", "persistence", "{2107360C-E3DC-4F50-AD54-FB2243843EEA}"
EndProject
Project("{2150E333-8FDC-42A3-9474-1A3956D46DE8}") = "infrastructure", "infrastructure", "{7A4DF697-836C-43B7-AAFE-7FE18EEC1078}"
EndProject
Project("{2150E333-8FDC-42A3-9474-1A3956D46DE8}") = "presentation", "presentation", "{959D37BD-93DA-4237-9179-AB3E48364583}"
EndProject
Project("{2150E333-8FDC-42A3-9474-1A3956D46DE8}") = "webapi", "webapi", "{2611482A-16CB-4402-83CA-B3FB07CE376A}"
EndProject
Project("{2150E333-8FDC-42A3-9474-1A3956D46DE8}") = "webapp", "webapp", "{258CDF47-D94D-4DE3-A51F-8D2BF9F37C0F}"
EndProject
Project("{2150E333-8FDC-42A3-9474-1A3956D46DE8}") = "persistence", "persistence", "{F0AA8648-9305-424E-A746-4604B88B15B8}"
EndProject
Project("{2150E333-8FDC-42A3-9474-1A3956D46DE8}") = "domain", "domain", "{9F3CF343-0655-4FF8-AD33-110676D5E270}"
EndProject
Project("{2150E333-8FDC-42A3-9474-1A3956D46DE8}") = "application", "application", "{1D36FB3A-8D0D-432D-AE81-6053ECEF460E}"
EndProject
Project("{2150E333-8FDC-42A3-9474-1A3956D46DE8}") = "infrastructure", "infrastructure", "{3FD8066B-7FCD-4AF7-BF93-4E07A6F9D2EE}"
EndProject
Project("{2150E333-8FDC-42A3-9474-1A3956D46DE8}") = "presentation", "presentation", "{4F57CDBF-D47B-4ADD-8F13-24659BA6805E}"
EndProject
Project("{2150E333-8FDC-42A3-9474-1A3956D46DE8}") = "webapp", "webapp", "{F60AA43D-C102-4CD5-98FA-0F3DA19DD22B}"
EndProject
Project("{2150E333-8FDC-42A3-9474-1A3956D46DE8}") = "webapi", "webapi", "{6C03F17D-DC5A-4DCC-B6C5-F1CC08D24715}"
EndProject
Project("{FAE04EC0-301F-11D3-BF4B-00C04F79EFBC}") = "NBuyFirstGroupBlog.Application", "NBuyFirstGroupBlog.Application\NBuyFirstGroupBlog.Application.csproj", "{C7170C76-FE25-4FA7-8756-B964ABB9A0B5}"
EndProject
Project("{FAE04EC0-301F-11D3-BF4B-00C04F79EFBC}") = "NBuyFirstGroupBlog.Domain", "NBuyFirstGroupBlog.Domain\NBuyFirstGroupBlog.Domain.csproj", "{3FDAF922-C94E-4CC2-8890-D4A3CDE6BE26}"
EndProject
Project("{FAE04EC0-301F-11D3-BF4B-00C04F79EFBC}") = "NBuyFirstGroupBlog.Infrastructure", "NBuyFirstGroupBlog.Infrastructure\NBuyFirstGroupBlog.Infrastructure.csproj", "{4B546D94-C5BD-4BD9-8F6C-E43F84323900}"
EndProject
Project("{FAE04EC0-301F-11D3-BF4B-00C04F79EFBC}") = "NBuyFirstGroupBlog.Persistence", "NBuyFirstGroupBlog.Persistence\NBuyFirstGroupBlog.Persistence.csproj", "{D846BA75-D09A-4489-B294-5C3C982FCAC2}"
EndProject
Project("{FAE04EC0-301F-11D3-BF4B-00C04F79EFBC}") = "NBuyFirstGroupBlog.Web.App", "NBuyFirstGroupBlog.Web.App\NBuyFirstGroupBlog.Web.App.csproj", "{800BAEF4-B150-4D66-8038-EC770AA552F0}"
EndProject
Project("{FAE04EC0-301F-11D3-BF4B-00C04F79EFBC}") = "NBuyFirstGroupBlog.Wep.API", "NBuyFirstGroupBlog.Wep.API\NBuyFirstGroupBlog.Wep.API.csproj", "{C4E0D2D7-F408-40AB-B28C-0F4E9E4FC396}"
EndProject
Project("{FAE04EC0-301F-11D3-BF4B-00C04F79EFBC}") = "NBuyFirstGroup.Core", "NBuyFirstGroup.Core\NBuyFirstGroup.Core.csproj", "{8E8AA1BB-A840-4C7A-9360-D798A531A344}"
EndProject
Global
	GlobalSection(SolutionConfigurationPlatforms) = preSolution
		Debug|Any CPU = Debug|Any CPU
		Release|Any CPU = Release|Any CPU
	EndGlobalSection
	GlobalSection(ProjectConfigurationPlatforms) = postSolution
		{C7170C76-FE25-4FA7-8756-B964ABB9A0B5}.Debug|Any CPU.ActiveCfg = Debug|Any CPU
		{C7170C76-FE25-4FA7-8756-B964ABB9A0B5}.Debug|Any CPU.Build.0 = Debug|Any CPU
		{C7170C76-FE25-4FA7-8756-B964ABB9A0B5}.Release|Any CPU.ActiveCfg = Release|Any CPU
		{C7170C76-FE25-4FA7-8756-B964ABB9A0B5}.Release|Any CPU.Build.0 = Release|Any CPU
		{3FDAF922-C94E-4CC2-8890-D4A3CDE6BE26}.Debug|Any CPU.ActiveCfg = Debug|Any CPU
		{3FDAF922-C94E-4CC2-8890-D4A3CDE6BE26}.Debug|Any CPU.Build.0 = Debug|Any CPU
		{3FDAF922-C94E-4CC2-8890-D4A3CDE6BE26}.Release|Any CPU.ActiveCfg = Release|Any CPU
		{3FDAF922-C94E-4CC2-8890-D4A3CDE6BE26}.Release|Any CPU.Build.0 = Release|Any CPU
		{4B546D94-C5BD-4BD9-8F6C-E43F84323900}.Debug|Any CPU.ActiveCfg = Debug|Any CPU
		{4B546D94-C5BD-4BD9-8F6C-E43F84323900}.Debug|Any CPU.Build.0 = Debug|Any CPU
		{4B546D94-C5BD-4BD9-8F6C-E43F84323900}.Release|Any CPU.ActiveCfg = Release|Any CPU
		{4B546D94-C5BD-4BD9-8F6C-E43F84323900}.Release|Any CPU.Build.0 = Release|Any CPU
		{D846BA75-D09A-4489-B294-5C3C982FCAC2}.Debug|Any CPU.ActiveCfg = Debug|Any CPU
		{D846BA75-D09A-4489-B294-5C3C982FCAC2}.Debug|Any CPU.Build.0 = Debug|Any CPU
		{D846BA75-D09A-4489-B294-5C3C982FCAC2}.Release|Any CPU.ActiveCfg = Release|Any CPU
		{D846BA75-D09A-4489-B294-5C3C982FCAC2}.Release|Any CPU.Build.0 = Release|Any CPU
		{800BAEF4-B150-4D66-8038-EC770AA552F0}.Debug|Any CPU.ActiveCfg = Debug|Any CPU
		{800BAEF4-B150-4D66-8038-EC770AA552F0}.Debug|Any CPU.Build.0 = Debug|Any CPU
		{800BAEF4-B150-4D66-8038-EC770AA552F0}.Release|Any CPU.ActiveCfg = Release|Any CPU
		{800BAEF4-B150-4D66-8038-EC770AA552F0}.Release|Any CPU.Build.0 = Release|Any CPU
		{C4E0D2D7-F408-40AB-B28C-0F4E9E4FC396}.Debug|Any CPU.ActiveCfg = Debug|Any CPU
		{C4E0D2D7-F408-40AB-B28C-0F4E9E4FC396}.Debug|Any CPU.Build.0 = Debug|Any CPU
		{C4E0D2D7-F408-40AB-B28C-0F4E9E4FC396}.Release|Any CPU.ActiveCfg = Release|Any CPU
		{C4E0D2D7-F408-40AB-B28C-0F4E9E4FC396}.Release|Any CPU.Build.0 = Release|Any CPU
		{8E8AA1BB-A840-4C7A-9360-D798A531A344}.Debug|Any CPU.ActiveCfg = Debug|Any CPU
		{8E8AA1BB-A840-4C7A-9360-D798A531A344}.Debug|Any CPU.Build.0 = Debug|Any CPU
		{8E8AA1BB-A840-4C7A-9360-D798A531A344}.Release|Any CPU.ActiveCfg = Release|Any CPU
		{8E8AA1BB-A840-4C7A-9360-D798A531A344}.Release|Any CPU.Build.0 = Release|Any CPU
	EndGlobalSection
	GlobalSection(SolutionProperties) = preSolution
		HideSolutionNode = FALSE
	EndGlobalSection
	GlobalSection(NestedProjects) = preSolution
		{774782A0-BC25-49DA-893E-A1D7F5E5F308} = {EFBA1C47-427F-4EB3-BF4B-74886E45E375}
		{87BCAEFF-6DDA-4C25-9A56-E356BD6355A1} = {EFBA1C47-427F-4EB3-BF4B-74886E45E375}
		{2107360C-E3DC-4F50-AD54-FB2243843EEA} = {EFBA1C47-427F-4EB3-BF4B-74886E45E375}
		{7A4DF697-836C-43B7-AAFE-7FE18EEC1078} = {EFBA1C47-427F-4EB3-BF4B-74886E45E375}
		{959D37BD-93DA-4237-9179-AB3E48364583} = {EFBA1C47-427F-4EB3-BF4B-74886E45E375}
		{2611482A-16CB-4402-83CA-B3FB07CE376A} = {959D37BD-93DA-4237-9179-AB3E48364583}
		{258CDF47-D94D-4DE3-A51F-8D2BF9F37C0F} = {959D37BD-93DA-4237-9179-AB3E48364583}
		{F0AA8648-9305-424E-A746-4604B88B15B8} = {26D8553F-5A27-435F-8FF7-A21A1F5FB6A9}
		{9F3CF343-0655-4FF8-AD33-110676D5E270} = {26D8553F-5A27-435F-8FF7-A21A1F5FB6A9}
		{1D36FB3A-8D0D-432D-AE81-6053ECEF460E} = {26D8553F-5A27-435F-8FF7-A21A1F5FB6A9}
		{3FD8066B-7FCD-4AF7-BF93-4E07A6F9D2EE} = {26D8553F-5A27-435F-8FF7-A21A1F5FB6A9}
		{4F57CDBF-D47B-4ADD-8F13-24659BA6805E} = {26D8553F-5A27-435F-8FF7-A21A1F5FB6A9}
		{F60AA43D-C102-4CD5-98FA-0F3DA19DD22B} = {4F57CDBF-D47B-4ADD-8F13-24659BA6805E}
		{6C03F17D-DC5A-4DCC-B6C5-F1CC08D24715} = {4F57CDBF-D47B-4ADD-8F13-24659BA6805E}
		{C7170C76-FE25-4FA7-8756-B964ABB9A0B5} = {87BCAEFF-6DDA-4C25-9A56-E356BD6355A1}
		{3FDAF922-C94E-4CC2-8890-D4A3CDE6BE26} = {774782A0-BC25-49DA-893E-A1D7F5E5F308}
		{4B546D94-C5BD-4BD9-8F6C-E43F84323900} = {7A4DF697-836C-43B7-AAFE-7FE18EEC1078}
		{D846BA75-D09A-4489-B294-5C3C982FCAC2} = {2107360C-E3DC-4F50-AD54-FB2243843EEA}
		{800BAEF4-B150-4D66-8038-EC770AA552F0} = {258CDF47-D94D-4DE3-A51F-8D2BF9F37C0F}
		{C4E0D2D7-F408-40AB-B28C-0F4E9E4FC396} = {2611482A-16CB-4402-83CA-B3FB07CE376A}
		{8E8AA1BB-A840-4C7A-9360-D798A531A344} = {EFBA1C47-427F-4EB3-BF4B-74886E45E375}
	EndGlobalSection
	GlobalSection(ExtensibilityGlobals) = postSolution
		SolutionGuid = {EAFA86B3-1727-45D7-9204-7414049DE2F5}
	EndGlobalSection
EndGlobal
